
Microsoft Visual Studio Solution File, Format Version 12.00
# Visual Studio 14
VisualStudioVersion = 14.0.24720.0
MinimumVisualStudioVersion = 10.0.40219.1
Project("{FAE04EC0-301F-11D3-BF4B-00C04F79EFBC}") = "MobileApp", "MobileApp\MobileApp.csproj", "{EF12E14B-B0A6-43EA-A33A-215CCE65FA61}"
EndProject
Project("{FAE04EC0-301F-11D3-BF4B-00C04F79EFBC}") = "WebApp", "WebApp\WebApp.csproj", "{210C1589-F4D5-4D80-929C-078846FCE93E}"
EndProject
Project("{FAE04EC0-301F-11D3-BF4B-00C04F79EFBC}") = "ClientApp", "ClientApp\ClientApp.csproj", "{8E1FCCF4-1FA7-4C23-86B0-19C78B155AA3}"
EndProject
Global
	GlobalSection(SolutionConfigurationPlatforms) = preSolution
		Debug|Any CPU = Debug|Any CPU
		Release|Any CPU = Release|Any CPU
	EndGlobalSection
	GlobalSection(ProjectConfigurationPlatforms) = postSolution
		{EF12E14B-B0A6-43EA-A33A-215CCE65FA61}.Debug|Any CPU.ActiveCfg = Debug|Any CPU
		{EF12E14B-B0A6-43EA-A33A-215CCE65FA61}.Debug|Any CPU.Build.0 = Debug|Any CPU
		{EF12E14B-B0A6-43EA-A33A-215CCE65FA61}.Release|Any CPU.ActiveCfg = Release|Any CPU
		{EF12E14B-B0A6-43EA-A33A-215CCE65FA61}.Release|Any CPU.Build.0 = Release|Any CPU
		{210C1589-F4D5-4D80-929C-078846FCE93E}.Debug|Any CPU.ActiveCfg = Debug|Any CPU
		{210C1589-F4D5-4D80-929C-078846FCE93E}.Debug|Any CPU.Build.0 = Debug|Any CPU
		{210C1589-F4D5-4D80-929C-078846FCE93E}.Release|Any CPU.ActiveCfg = Release|Any CPU
		{210C1589-F4D5-4D80-929C-078846FCE93E}.Release|Any CPU.Build.0 = Release|Any CPU
		{8E1FCCF4-1FA7-4C23-86B0-19C78B155AA3}.Debug|Any CPU.ActiveCfg = Debug|Any CPU
		{8E1FCCF4-1FA7-4C23-86B0-19C78B155AA3}.Debug|Any CPU.Build.0 = Debug|Any CPU
		{8E1FCCF4-1FA7-4C23-86B0-19C78B155AA3}.Debug|Any CPU.Deploy.0 = Debug|Any CPU
		{8E1FCCF4-1FA7-4C23-86B0-19C78B155AA3}.Release|Any CPU.ActiveCfg = Release|Any CPU
		{8E1FCCF4-1FA7-4C23-86B0-19C78B155AA3}.Release|Any CPU.Build.0 = Release|Any CPU
		{8E1FCCF4-1FA7-4C23-86B0-19C78B155AA3}.Release|Any CPU.Deploy.0 = Release|Any CPU
	EndGlobalSection
	GlobalSection(SolutionProperties) = preSolution
		HideSolutionNode = FALSE
	EndGlobalSection
EndGlobal
